// !$*UTF8*$!
{
	archiveVersion = 1;
	classes = {
	};
	objectVersion = 77;
	objects = {

/* Begin PBXBuildFile section */
		3FA86F732CB48AF40000FDF8 /* LaunchScreen.storyboard in Resources */ = {isa = PBXBuildFile; fileRef = 3FA86F6C2CB48AF40000FDF8 /* LaunchScreen.storyboard */; };
		3FA86F742CB48AF40000FDF8 /* Assets.xcassets in Resources */ = {isa = PBXBuildFile; fileRef = 3FA86F6F2CB48AF40000FDF8 /* Assets.xcassets */; };
		3FA86F762CB48AF40000FDF8 /* AppDelegate.swift in Sources */ = {isa = PBXBuildFile; fileRef = 3FA86F6B2CB48AF40000FDF8 /* AppDelegate.swift */; };
		3FA86F772CB48AF40000FDF8 /* SceneDelegate.swift in Sources */ = {isa = PBXBuildFile; fileRef = 3FA86F6D2CB48AF40000FDF8 /* SceneDelegate.swift */; };
		3FA86F7B2CB48B0B0000FDF8 /* FlightHubTests.swift in Sources */ = {isa = PBXBuildFile; fileRef = 3FA86F792CB48B0B0000FDF8 /* FlightHubTests.swift */; };
		3FA86F7F2CB48B0E0000FDF8 /* FlightHubUITests.swift in Sources */ = {isa = PBXBuildFile; fileRef = 3FA86F7C2CB48B0E0000FDF8 /* FlightHubUITests.swift */; };
		3FA86F802CB48B0E0000FDF8 /* FlightHubUITestsLaunchTests.swift in Sources */ = {isa = PBXBuildFile; fileRef = 3FA86F7D2CB48B0E0000FDF8 /* FlightHubUITestsLaunchTests.swift */; };
		3FA86F8D2CB56C630000FDF8 /* ViewCode.swift in Sources */ = {isa = PBXBuildFile; fileRef = 3FA86F8C2CB56C630000FDF8 /* ViewCode.swift */; };
		3FA86F8F2CB56F7A0000FDF8 /* HomeVC.swift in Sources */ = {isa = PBXBuildFile; fileRef = 3FA86F8E2CB56F7A0000FDF8 /* HomeVC.swift */; };
		3FA86F932CB56FA00000FDF8 /* HomeScreen.swift in Sources */ = {isa = PBXBuildFile; fileRef = 3FA86F922CB56FA00000FDF8 /* HomeScreen.swift */; };
		3FA86F952CB56FD50000FDF8 /* HomeViewModel.swift in Sources */ = {isa = PBXBuildFile; fileRef = 3FA86F942CB56FD50000FDF8 /* HomeViewModel.swift */; };
		3FA86F9A2CB5714D0000FDF8 /* Localizable.strings in Resources */ = {isa = PBXBuildFile; fileRef = 3FA86F982CB5714D0000FDF8 /* Localizable.strings */; };
		3FA86F9D2CB574020000FDF8 /* String+Extensions.swift in Sources */ = {isa = PBXBuildFile; fileRef = 3FA86F9C2CB574020000FDF8 /* String+Extensions.swift */; };
		3FA86F9F2CB583A60000FDF8 /* UIButton+Extensions.swift in Sources */ = {isa = PBXBuildFile; fileRef = 3FA86F9E2CB583A60000FDF8 /* UIButton+Extensions.swift */; };
		3FA86FB52CB5A9400000FDF8 /* FlightsViewModel.swift in Sources */ = {isa = PBXBuildFile; fileRef = 3FA86FB22CB5A9400000FDF8 /* FlightsViewModel.swift */; };
		3FA86FB62CB5A9400000FDF8 /* FlightsVC.swift in Sources */ = {isa = PBXBuildFile; fileRef = 3FA86FB02CB5A9400000FDF8 /* FlightsVC.swift */; };
		3FA86FB72CB5A9400000FDF8 /* FlightTableViewCell.swift in Sources */ = {isa = PBXBuildFile; fileRef = 3FA86FAD2CB5A9400000FDF8 /* FlightTableViewCell.swift */; };
		3FA86FB82CB5A9400000FDF8 /* FlightsScreen.swift in Sources */ = {isa = PBXBuildFile; fileRef = 3FA86FAF2CB5A9400000FDF8 /* FlightsScreen.swift */; };
		3FA86FBB2CB5AA2E0000FDF8 /* Flight.swift in Sources */ = {isa = PBXBuildFile; fileRef = 3FA86FBA2CB5AA2E0000FDF8 /* Flight.swift */; };
		3FA86FBF2CB5AB1B0000FDF8 /* JSONFile.swift in Sources */ = {isa = PBXBuildFile; fileRef = 3FA86FBE2CB5AB1B0000FDF8 /* JSONFile.swift */; };
		3FA86FC12CB5AB2A0000FDF8 /* MockServiceManager.swift in Sources */ = {isa = PBXBuildFile; fileRef = 3FA86FC02CB5AB2A0000FDF8 /* MockServiceManager.swift */; };
		3FA86FC32CB5AB740000FDF8 /* JSONDecoderService.swift in Sources */ = {isa = PBXBuildFile; fileRef = 3FA86FC22CB5AB740000FDF8 /* JSONDecoderService.swift */; };
		3FA86FC82CB5ACAB0000FDF8 /* FlightServiceProtocol.swift in Sources */ = {isa = PBXBuildFile; fileRef = 3FA86FC72CB5ACAB0000FDF8 /* FlightServiceProtocol.swift */; };
		3FA86FCA2CB5BAE10000FDF8 /* FlightsLoadingError.swift in Sources */ = {isa = PBXBuildFile; fileRef = 3FA86FC92CB5BACE0000FDF8 /* FlightsLoadingError.swift */; };
		3FA86FCC2CB5BC8D0000FDF8 /* DevelopmentStatus.swift in Sources */ = {isa = PBXBuildFile; fileRef = 3FA86FCB2CB5BC8D0000FDF8 /* DevelopmentStatus.swift */; };
		3FA86FCE2CB5BCAB0000FDF8 /* AppConfig.swift in Sources */ = {isa = PBXBuildFile; fileRef = 3FA86FCD2CB5BCAB0000FDF8 /* AppConfig.swift */; };
		3FA86FD12CB5D4E10000FDF8 /* FlightsTableViewDataSource.swift in Sources */ = {isa = PBXBuildFile; fileRef = 3FA86FD02CB5D4E10000FDF8 /* FlightsTableViewDataSource.swift */; };
		3FAC1E932CB72FBE00B2B33F /* FlightsManager.swift in Sources */ = {isa = PBXBuildFile; fileRef = 3FAC1E922CB72FBE00B2B33F /* FlightsManager.swift */; };
		3FAC1E942CB7587800B2B33F /* FlightsData.json in Resources */ = {isa = PBXBuildFile; fileRef = 3FA86FC52CB5AC2C0000FDF8 /* FlightsData.json */; };
		3FAC1E962CB803BB00B2B33F /* FilterableProtocol.swift in Sources */ = {isa = PBXBuildFile; fileRef = 3FAC1E952CB803BB00B2B33F /* FilterableProtocol.swift */; };
		3FAC1E992CB80AF800B2B33F /* CustomFilter.swift in Sources */ = {isa = PBXBuildFile; fileRef = 3FAC1E982CB80AF800B2B33F /* CustomFilter.swift */; };
		3FAC1E9B2CB8475800B2B33F /* View+Extensions.swift in Sources */ = {isa = PBXBuildFile; fileRef = 3FAC1E9A2CB8475800B2B33F /* View+Extensions.swift */; };
		3FAC1E9D2CB847A000B2B33F /* Color+Extensions.swift in Sources */ = {isa = PBXBuildFile; fileRef = 3FAC1E9C2CB847A000B2B33F /* Color+Extensions.swift */; };
		3FAC1E9F2CB84A0E00B2B33F /* ButtonStyle+Extensions.swift in Sources */ = {isa = PBXBuildFile; fileRef = 3FAC1E9E2CB84A0E00B2B33F /* ButtonStyle+Extensions.swift */; };
		3FBC7B252CB9C31A00FBCE2B /* CustomAlert.swift in Sources */ = {isa = PBXBuildFile; fileRef = 3FBC7B242CB9C31A00FBCE2B /* CustomAlert.swift */; };
		3FBC7B272CB9C9BC00FBCE2B /* UIViewController+Extensions.swift in Sources */ = {isa = PBXBuildFile; fileRef = 3FBC7B262CB9C9BC00FBCE2B /* UIViewController+Extensions.swift */; };
		3FBC7B292CB9FE7700FBCE2B /* SystemImage.swift in Sources */ = {isa = PBXBuildFile; fileRef = 3FBC7B282CB9FE7700FBCE2B /* SystemImage.swift */; };
/* End PBXBuildFile section */

/* Begin PBXContainerItemProxy section */
		3FA86F4B2CB486290000FDF8 /* PBXContainerItemProxy */ = {
			isa = PBXContainerItemProxy;
			containerPortal = 3FA86F2C2CB486280000FDF8 /* Project object */;
			proxyType = 1;
			remoteGlobalIDString = 3FA86F332CB486280000FDF8;
			remoteInfo = FlightHub;
		};
		3FA86F552CB486290000FDF8 /* PBXContainerItemProxy */ = {
			isa = PBXContainerItemProxy;
			containerPortal = 3FA86F2C2CB486280000FDF8 /* Project object */;
			proxyType = 1;
			remoteGlobalIDString = 3FA86F332CB486280000FDF8;
			remoteInfo = FlightHub;
		};
/* End PBXContainerItemProxy section */

/* Begin PBXFileReference section */
		3FA86F342CB486280000FDF8 /* FlightHub.app */ = {isa = PBXFileReference; explicitFileType = wrapper.application; includeInIndex = 0; path = FlightHub.app; sourceTree = BUILT_PRODUCTS_DIR; };
		3FA86F4A2CB486290000FDF8 /* FlightHubTests.xctest */ = {isa = PBXFileReference; explicitFileType = wrapper.cfbundle; includeInIndex = 0; path = FlightHubTests.xctest; sourceTree = BUILT_PRODUCTS_DIR; };
		3FA86F542CB486290000FDF8 /* FlightHubUITests.xctest */ = {isa = PBXFileReference; explicitFileType = wrapper.cfbundle; includeInIndex = 0; path = FlightHubUITests.xctest; sourceTree = BUILT_PRODUCTS_DIR; };
		3FA86F6B2CB48AF40000FDF8 /* AppDelegate.swift */ = {isa = PBXFileReference; lastKnownFileType = sourcecode.swift; path = AppDelegate.swift; sourceTree = "<group>"; };
		3FA86F6C2CB48AF40000FDF8 /* LaunchScreen.storyboard */ = {isa = PBXFileReference; lastKnownFileType = file.storyboard; path = LaunchScreen.storyboard; sourceTree = "<group>"; };
		3FA86F6D2CB48AF40000FDF8 /* SceneDelegate.swift */ = {isa = PBXFileReference; lastKnownFileType = sourcecode.swift; path = SceneDelegate.swift; sourceTree = "<group>"; };
		3FA86F6F2CB48AF40000FDF8 /* Assets.xcassets */ = {isa = PBXFileReference; lastKnownFileType = folder.assetcatalog; path = Assets.xcassets; sourceTree = "<group>"; };
		3FA86F702CB48AF40000FDF8 /* Info.plist */ = {isa = PBXFileReference; lastKnownFileType = text.plist.xml; path = Info.plist; sourceTree = "<group>"; };
		3FA86F792CB48B0B0000FDF8 /* FlightHubTests.swift */ = {isa = PBXFileReference; lastKnownFileType = sourcecode.swift; path = FlightHubTests.swift; sourceTree = "<group>"; };
		3FA86F7C2CB48B0E0000FDF8 /* FlightHubUITests.swift */ = {isa = PBXFileReference; lastKnownFileType = sourcecode.swift; path = FlightHubUITests.swift; sourceTree = "<group>"; };
		3FA86F7D2CB48B0E0000FDF8 /* FlightHubUITestsLaunchTests.swift */ = {isa = PBXFileReference; lastKnownFileType = sourcecode.swift; path = FlightHubUITestsLaunchTests.swift; sourceTree = "<group>"; };
		3FA86F8C2CB56C630000FDF8 /* ViewCode.swift */ = {isa = PBXFileReference; lastKnownFileType = sourcecode.swift; path = ViewCode.swift; sourceTree = "<group>"; };
		3FA86F8E2CB56F7A0000FDF8 /* HomeVC.swift */ = {isa = PBXFileReference; lastKnownFileType = sourcecode.swift; path = HomeVC.swift; sourceTree = "<group>"; };
		3FA86F922CB56FA00000FDF8 /* HomeScreen.swift */ = {isa = PBXFileReference; lastKnownFileType = sourcecode.swift; path = HomeScreen.swift; sourceTree = "<group>"; };
		3FA86F942CB56FD50000FDF8 /* HomeViewModel.swift */ = {isa = PBXFileReference; lastKnownFileType = sourcecode.swift; path = HomeViewModel.swift; sourceTree = "<group>"; };
		3FA86F992CB5714D0000FDF8 /* pt-BR */ = {isa = PBXFileReference; lastKnownFileType = text.plist.strings; name = "pt-BR"; path = "pt-BR.lproj/Localizable.strings"; sourceTree = "<group>"; };
		3FA86F9B2CB571520000FDF8 /* en */ = {isa = PBXFileReference; lastKnownFileType = text.plist.strings; name = en; path = en.lproj/Localizable.strings; sourceTree = "<group>"; };
		3FA86F9C2CB574020000FDF8 /* String+Extensions.swift */ = {isa = PBXFileReference; lastKnownFileType = sourcecode.swift; path = "String+Extensions.swift"; sourceTree = "<group>"; };
		3FA86F9E2CB583A60000FDF8 /* UIButton+Extensions.swift */ = {isa = PBXFileReference; lastKnownFileType = sourcecode.swift; path = "UIButton+Extensions.swift"; sourceTree = "<group>"; };
		3FA86FAD2CB5A9400000FDF8 /* FlightTableViewCell.swift */ = {isa = PBXFileReference; lastKnownFileType = sourcecode.swift; path = FlightTableViewCell.swift; sourceTree = "<group>"; };
		3FA86FAF2CB5A9400000FDF8 /* FlightsScreen.swift */ = {isa = PBXFileReference; lastKnownFileType = sourcecode.swift; path = FlightsScreen.swift; sourceTree = "<group>"; };
		3FA86FB02CB5A9400000FDF8 /* FlightsVC.swift */ = {isa = PBXFileReference; lastKnownFileType = sourcecode.swift; path = FlightsVC.swift; sourceTree = "<group>"; };
		3FA86FB22CB5A9400000FDF8 /* FlightsViewModel.swift */ = {isa = PBXFileReference; lastKnownFileType = sourcecode.swift; path = FlightsViewModel.swift; sourceTree = "<group>"; };
		3FA86FBA2CB5AA2E0000FDF8 /* Flight.swift */ = {isa = PBXFileReference; lastKnownFileType = sourcecode.swift; path = Flight.swift; sourceTree = "<group>"; };
		3FA86FBE2CB5AB1B0000FDF8 /* JSONFile.swift */ = {isa = PBXFileReference; lastKnownFileType = sourcecode.swift; path = JSONFile.swift; sourceTree = "<group>"; };
		3FA86FC02CB5AB2A0000FDF8 /* MockServiceManager.swift */ = {isa = PBXFileReference; lastKnownFileType = sourcecode.swift; path = MockServiceManager.swift; sourceTree = "<group>"; };
		3FA86FC22CB5AB740000FDF8 /* JSONDecoderService.swift */ = {isa = PBXFileReference; lastKnownFileType = sourcecode.swift; path = JSONDecoderService.swift; sourceTree = "<group>"; };
		3FA86FC52CB5AC2C0000FDF8 /* FlightsData.json */ = {isa = PBXFileReference; lastKnownFileType = text.json; path = FlightsData.json; sourceTree = "<group>"; };
		3FA86FC72CB5ACAB0000FDF8 /* FlightServiceProtocol.swift */ = {isa = PBXFileReference; lastKnownFileType = sourcecode.swift; path = FlightServiceProtocol.swift; sourceTree = "<group>"; };
		3FA86FC92CB5BACE0000FDF8 /* FlightsLoadingError.swift */ = {isa = PBXFileReference; lastKnownFileType = sourcecode.swift; path = FlightsLoadingError.swift; sourceTree = "<group>"; };
		3FA86FCB2CB5BC8D0000FDF8 /* DevelopmentStatus.swift */ = {isa = PBXFileReference; lastKnownFileType = sourcecode.swift; path = DevelopmentStatus.swift; sourceTree = "<group>"; };
		3FA86FCD2CB5BCAB0000FDF8 /* AppConfig.swift */ = {isa = PBXFileReference; lastKnownFileType = sourcecode.swift; path = AppConfig.swift; sourceTree = "<group>"; };
		3FA86FD02CB5D4E10000FDF8 /* FlightsTableViewDataSource.swift */ = {isa = PBXFileReference; lastKnownFileType = sourcecode.swift; path = FlightsTableViewDataSource.swift; sourceTree = "<group>"; };
		3FAC1E922CB72FBE00B2B33F /* FlightsManager.swift */ = {isa = PBXFileReference; lastKnownFileType = sourcecode.swift; path = FlightsManager.swift; sourceTree = "<group>"; };
		3FAC1E952CB803BB00B2B33F /* FilterableProtocol.swift */ = {isa = PBXFileReference; lastKnownFileType = sourcecode.swift; path = FilterableProtocol.swift; sourceTree = "<group>"; };
		3FAC1E982CB80AF800B2B33F /* CustomFilter.swift */ = {isa = PBXFileReference; lastKnownFileType = sourcecode.swift; path = CustomFilter.swift; sourceTree = "<group>"; };
		3FAC1E9A2CB8475800B2B33F /* View+Extensions.swift */ = {isa = PBXFileReference; lastKnownFileType = sourcecode.swift; path = "View+Extensions.swift"; sourceTree = "<group>"; };
		3FAC1E9C2CB847A000B2B33F /* Color+Extensions.swift */ = {isa = PBXFileReference; lastKnownFileType = sourcecode.swift; path = "Color+Extensions.swift"; sourceTree = "<group>"; };
		3FAC1E9E2CB84A0E00B2B33F /* ButtonStyle+Extensions.swift */ = {isa = PBXFileReference; lastKnownFileType = sourcecode.swift; path = "ButtonStyle+Extensions.swift"; sourceTree = "<group>"; };
		3FBC7B242CB9C31A00FBCE2B /* CustomAlert.swift */ = {isa = PBXFileReference; lastKnownFileType = sourcecode.swift; path = CustomAlert.swift; sourceTree = "<group>"; };
		3FBC7B262CB9C9BC00FBCE2B /* UIViewController+Extensions.swift */ = {isa = PBXFileReference; lastKnownFileType = sourcecode.swift; path = "UIViewController+Extensions.swift"; sourceTree = "<group>"; };
		3FBC7B282CB9FE7700FBCE2B /* SystemImage.swift */ = {isa = PBXFileReference; lastKnownFileType = sourcecode.swift; path = SystemImage.swift; sourceTree = "<group>"; };
/* End PBXFileReference section */

/* Begin PBXFrameworksBuildPhase section */
		3FA86F312CB486280000FDF8 /* Frameworks */ = {
			isa = PBXFrameworksBuildPhase;
			buildActionMask = 2147483647;
			files = (
			);
			runOnlyForDeploymentPostprocessing = 0;
		};
		3FA86F472CB486290000FDF8 /* Frameworks */ = {
			isa = PBXFrameworksBuildPhase;
			buildActionMask = 2147483647;
			files = (
			);
			runOnlyForDeploymentPostprocessing = 0;
		};
		3FA86F512CB486290000FDF8 /* Frameworks */ = {
			isa = PBXFrameworksBuildPhase;
			buildActionMask = 2147483647;
			files = (
			);
			runOnlyForDeploymentPostprocessing = 0;
		};
/* End PBXFrameworksBuildPhase section */

/* Begin PBXGroup section */
		3FA86F2B2CB486280000FDF8 = {
			isa = PBXGroup;
			children = (
				3FA86F722CB48AF40000FDF8 /* FlightHub */,
				3FA86F7A2CB48B0B0000FDF8 /* FlightHubTests */,
				3FA86F7E2CB48B0E0000FDF8 /* FlightHubUITests */,
				3FA86F352CB486280000FDF8 /* Products */,
			);
			sourceTree = "<group>";
		};
		3FA86F352CB486280000FDF8 /* Products */ = {
			isa = PBXGroup;
			children = (
				3FA86F342CB486280000FDF8 /* FlightHub.app */,
				3FA86F4A2CB486290000FDF8 /* FlightHubTests.xctest */,
				3FA86F542CB486290000FDF8 /* FlightHubUITests.xctest */,
			);
			name = Products;
			sourceTree = "<group>";
		};
		3FA86F6E2CB48AF40000FDF8 /* Aplication */ = {
			isa = PBXGroup;
			children = (
				3FA86FCD2CB5BCAB0000FDF8 /* AppConfig.swift */,
				3FA86F6B2CB48AF40000FDF8 /* AppDelegate.swift */,
				3FA86FCB2CB5BC8D0000FDF8 /* DevelopmentStatus.swift */,
				3FA86F6C2CB48AF40000FDF8 /* LaunchScreen.storyboard */,
				3FA86F6D2CB48AF40000FDF8 /* SceneDelegate.swift */,
			);
			path = Aplication;
			sourceTree = "<group>";
		};
		3FA86F722CB48AF40000FDF8 /* FlightHub */ = {
			isa = PBXGroup;
			children = (
				3FA86F6E2CB48AF40000FDF8 /* Aplication */,
				3FA86FC42CB5AC0B0000FDF8 /* Mock */,
				3FA86FBC2CB5AAED0000FDF8 /* Service */,
				3FA86FB92CB5A9650000FDF8 /* Model */,
				3FA86F812CB56B7C0000FDF8 /* Sources */,
				3FA86F852CB56BD60000FDF8 /* Utilities */,
				3FA86F862CB56BDF0000FDF8 /* Resources */,
				3FA86F702CB48AF40000FDF8 /* Info.plist */,
			);
			path = FlightHub;
			sourceTree = "<group>";
		};
		3FA86F7A2CB48B0B0000FDF8 /* FlightHubTests */ = {
			isa = PBXGroup;
			children = (
				3FA86F792CB48B0B0000FDF8 /* FlightHubTests.swift */,
			);
			path = FlightHubTests;
			sourceTree = "<group>";
		};
		3FA86F7E2CB48B0E0000FDF8 /* FlightHubUITests */ = {
			isa = PBXGroup;
			children = (
				3FA86F7C2CB48B0E0000FDF8 /* FlightHubUITests.swift */,
				3FA86F7D2CB48B0E0000FDF8 /* FlightHubUITestsLaunchTests.swift */,
			);
			path = FlightHubUITests;
			sourceTree = "<group>";
		};
		3FA86F812CB56B7C0000FDF8 /* Sources */ = {
			isa = PBXGroup;
			children = (
				3FA86F822CB56B970000FDF8 /* Home */,
				3FA86FB42CB5A9400000FDF8 /* Flights */,
			);
			path = Sources;
			sourceTree = "<group>";
		};
		3FA86F822CB56B970000FDF8 /* Home */ = {
			isa = PBXGroup;
			children = (
				3FA86F832CB56BA20000FDF8 /* View */,
				3FA86F842CB56BAF0000FDF8 /* ViewModel */,
			);
			path = Home;
			sourceTree = "<group>";
		};
		3FA86F832CB56BA20000FDF8 /* View */ = {
			isa = PBXGroup;
			children = (
				3FA86F8E2CB56F7A0000FDF8 /* HomeVC.swift */,
				3FA86F922CB56FA00000FDF8 /* HomeScreen.swift */,
			);
			path = View;
			sourceTree = "<group>";
		};
		3FA86F842CB56BAF0000FDF8 /* ViewModel */ = {
			isa = PBXGroup;
			children = (
				3FA86F942CB56FD50000FDF8 /* HomeViewModel.swift */,
			);
			path = ViewModel;
			sourceTree = "<group>";
		};
		3FA86F852CB56BD60000FDF8 /* Utilities */ = {
			isa = PBXGroup;
			children = (
				3FAC1E972CB809EA00B2B33F /* Components */,
				3FA86F8B2CB56C330000FDF8 /* Extensions */,
				3FA86F8A2CB56C280000FDF8 /* Protocols */,
			);
			path = Utilities;
			sourceTree = "<group>";
		};
		3FA86F862CB56BDF0000FDF8 /* Resources */ = {
			isa = PBXGroup;
			children = (
				3FA86F892CB56C040000FDF8 /* Assets */,
				3FA86F882CB56BFB0000FDF8 /* Strings */,
				3FA86F872CB56BF20000FDF8 /* Type */,
			);
			path = Resources;
			sourceTree = "<group>";
		};
		3FA86F872CB56BF20000FDF8 /* Type */ = {
			isa = PBXGroup;
			children = (
				3FBC7B282CB9FE7700FBCE2B /* SystemImage.swift */,
			);
			path = Type;
			sourceTree = "<group>";
		};
		3FA86F882CB56BFB0000FDF8 /* Strings */ = {
			isa = PBXGroup;
			children = (
				3FA86F982CB5714D0000FDF8 /* Localizable.strings */,
			);
			path = Strings;
			sourceTree = "<group>";
		};
		3FA86F892CB56C040000FDF8 /* Assets */ = {
			isa = PBXGroup;
			children = (
				3FA86F6F2CB48AF40000FDF8 /* Assets.xcassets */,
			);
			path = Assets;
			sourceTree = "<group>";
		};
		3FA86F8A2CB56C280000FDF8 /* Protocols */ = {
			isa = PBXGroup;
			children = (
				3FAC1E952CB803BB00B2B33F /* FilterableProtocol.swift */,
				3FA86FC72CB5ACAB0000FDF8 /* FlightServiceProtocol.swift */,
				3FA86F8C2CB56C630000FDF8 /* ViewCode.swift */,
			);
			path = Protocols;
			sourceTree = "<group>";
		};
		3FA86F8B2CB56C330000FDF8 /* Extensions */ = {
			isa = PBXGroup;
			children = (
				3FAC1E9E2CB84A0E00B2B33F /* ButtonStyle+Extensions.swift */,
				3FAC1E9C2CB847A000B2B33F /* Color+Extensions.swift */,
				3FA86F9C2CB574020000FDF8 /* String+Extensions.swift */,
				3FA86F9E2CB583A60000FDF8 /* UIButton+Extensions.swift */,
				3FBC7B262CB9C9BC00FBCE2B /* UIViewController+Extensions.swift */,
				3FAC1E9A2CB8475800B2B33F /* View+Extensions.swift */,
			);
			path = Extensions;
			sourceTree = "<group>";
		};
		3FA86FAE2CB5A9400000FDF8 /* Cell */ = {
			isa = PBXGroup;
			children = (
				3FA86FAD2CB5A9400000FDF8 /* FlightTableViewCell.swift */,
			);
			path = Cell;
			sourceTree = "<group>";
		};
		3FA86FB12CB5A9400000FDF8 /* View */ = {
			isa = PBXGroup;
			children = (
				3FA86FAE2CB5A9400000FDF8 /* Cell */,
				3FA86FB02CB5A9400000FDF8 /* FlightsVC.swift */,
				3FA86FAF2CB5A9400000FDF8 /* FlightsScreen.swift */,
			);
			path = View;
			sourceTree = "<group>";
		};
		3FA86FB32CB5A9400000FDF8 /* ViewModel */ = {
			isa = PBXGroup;
			children = (
				3FA86FB22CB5A9400000FDF8 /* FlightsViewModel.swift */,
			);
			path = ViewModel;
			sourceTree = "<group>";
		};
		3FA86FB42CB5A9400000FDF8 /* Flights */ = {
			isa = PBXGroup;
			children = (
				3FA86FB12CB5A9400000FDF8 /* View */,
				3FA86FB32CB5A9400000FDF8 /* ViewModel */,
				3FA86FCF2CB5D4C10000FDF8 /* DataSource */,
			);
			path = Flights;
			sourceTree = "<group>";
		};
		3FA86FB92CB5A9650000FDF8 /* Model */ = {
			isa = PBXGroup;
			children = (
				3FA86FBA2CB5AA2E0000FDF8 /* Flight.swift */,
			);
			path = Model;
			sourceTree = "<group>";
		};
		3FA86FBC2CB5AAED0000FDF8 /* Service */ = {
			isa = PBXGroup;
			children = (
				3FA86FBD2CB5AAFA0000FDF8 /* FlightsService */,
			);
			path = Service;
			sourceTree = "<group>";
		};
		3FA86FBD2CB5AAFA0000FDF8 /* FlightsService */ = {
			isa = PBXGroup;
			children = (
				3FA86FBE2CB5AB1B0000FDF8 /* JSONFile.swift */,
				3FA86FC02CB5AB2A0000FDF8 /* MockServiceManager.swift */,
				3FA86FC22CB5AB740000FDF8 /* JSONDecoderService.swift */,
				3FA86FC92CB5BACE0000FDF8 /* FlightsLoadingError.swift */,
				3FAC1E922CB72FBE00B2B33F /* FlightsManager.swift */,
			);
			path = FlightsService;
			sourceTree = "<group>";
		};
		3FA86FC42CB5AC0B0000FDF8 /* Mock */ = {
			isa = PBXGroup;
			children = (
				3FA86FC52CB5AC2C0000FDF8 /* FlightsData.json */,
			);
			path = Mock;
			sourceTree = "<group>";
		};
		3FA86FCF2CB5D4C10000FDF8 /* DataSource */ = {
			isa = PBXGroup;
			children = (
				3FA86FD02CB5D4E10000FDF8 /* FlightsTableViewDataSource.swift */,
			);
			path = DataSource;
			sourceTree = "<group>";
		};
		3FAC1E972CB809EA00B2B33F /* Components */ = {
			isa = PBXGroup;
			children = (
				3FBC7B242CB9C31A00FBCE2B /* CustomAlert.swift */,
				3FAC1E982CB80AF800B2B33F /* CustomFilter.swift */,
			);
			path = Components;
			sourceTree = "<group>";
		};
/* End PBXGroup section */

/* Begin PBXNativeTarget section */
		3FA86F332CB486280000FDF8 /* FlightHub */ = {
			isa = PBXNativeTarget;
			buildConfigurationList = 3FA86F5D2CB486290000FDF8 /* Build configuration list for PBXNativeTarget "FlightHub" */;
			buildPhases = (
				3FA86F302CB486280000FDF8 /* Sources */,
				3FA86F312CB486280000FDF8 /* Frameworks */,
				3FA86F322CB486280000FDF8 /* Resources */,
			);
			buildRules = (
			);
			dependencies = (
			);
			name = FlightHub;
			packageProductDependencies = (
			);
			productName = FlightHub;
			productReference = 3FA86F342CB486280000FDF8 /* FlightHub.app */;
			productType = "com.apple.product-type.application";
		};
		3FA86F492CB486290000FDF8 /* FlightHubTests */ = {
			isa = PBXNativeTarget;
			buildConfigurationList = 3FA86F622CB486290000FDF8 /* Build configuration list for PBXNativeTarget "FlightHubTests" */;
			buildPhases = (
				3FA86F462CB486290000FDF8 /* Sources */,
				3FA86F472CB486290000FDF8 /* Frameworks */,
				3FA86F482CB486290000FDF8 /* Resources */,
			);
			buildRules = (
			);
			dependencies = (
				3FA86F4C2CB486290000FDF8 /* PBXTargetDependency */,
			);
			name = FlightHubTests;
			packageProductDependencies = (
			);
			productName = FlightHubTests;
			productReference = 3FA86F4A2CB486290000FDF8 /* FlightHubTests.xctest */;
			productType = "com.apple.product-type.bundle.unit-test";
		};
		3FA86F532CB486290000FDF8 /* FlightHubUITests */ = {
			isa = PBXNativeTarget;
			buildConfigurationList = 3FA86F652CB486290000FDF8 /* Build configuration list for PBXNativeTarget "FlightHubUITests" */;
			buildPhases = (
				3FA86F502CB486290000FDF8 /* Sources */,
				3FA86F512CB486290000FDF8 /* Frameworks */,
				3FA86F522CB486290000FDF8 /* Resources */,
			);
			buildRules = (
			);
			dependencies = (
				3FA86F562CB486290000FDF8 /* PBXTargetDependency */,
			);
			name = FlightHubUITests;
			packageProductDependencies = (
			);
			productName = FlightHubUITests;
			productReference = 3FA86F542CB486290000FDF8 /* FlightHubUITests.xctest */;
			productType = "com.apple.product-type.bundle.ui-testing";
		};
/* End PBXNativeTarget section */

/* Begin PBXProject section */
		3FA86F2C2CB486280000FDF8 /* Project object */ = {
			isa = PBXProject;
			attributes = {
				BuildIndependentTargetsInParallel = 1;
				LastSwiftUpdateCheck = 1600;
				LastUpgradeCheck = 1600;
				TargetAttributes = {
					3FA86F332CB486280000FDF8 = {
						CreatedOnToolsVersion = 16.0;
					};
					3FA86F492CB486290000FDF8 = {
						CreatedOnToolsVersion = 16.0;
						TestTargetID = 3FA86F332CB486280000FDF8;
					};
					3FA86F532CB486290000FDF8 = {
						CreatedOnToolsVersion = 16.0;
						TestTargetID = 3FA86F332CB486280000FDF8;
					};
				};
			};
			buildConfigurationList = 3FA86F2F2CB486280000FDF8 /* Build configuration list for PBXProject "FlightHub" */;
			developmentRegion = "pt-BR";
			hasScannedForEncodings = 0;
			knownRegions = (
				en,
				"pt-BR",
			);
			mainGroup = 3FA86F2B2CB486280000FDF8;
			minimizedProjectReferenceProxies = 1;
			preferredProjectObjectVersion = 77;
			productRefGroup = 3FA86F352CB486280000FDF8 /* Products */;
			projectDirPath = "";
			projectRoot = "";
			targets = (
				3FA86F332CB486280000FDF8 /* FlightHub */,
				3FA86F492CB486290000FDF8 /* FlightHubTests */,
				3FA86F532CB486290000FDF8 /* FlightHubUITests */,
			);
		};
/* End PBXProject section */

/* Begin PBXResourcesBuildPhase section */
		3FA86F322CB486280000FDF8 /* Resources */ = {
			isa = PBXResourcesBuildPhase;
			buildActionMask = 2147483647;
			files = (
				3FA86F732CB48AF40000FDF8 /* LaunchScreen.storyboard in Resources */,
				3FA86F9A2CB5714D0000FDF8 /* Localizable.strings in Resources */,
				3FA86F742CB48AF40000FDF8 /* Assets.xcassets in Resources */,
				3FAC1E942CB7587800B2B33F /* FlightsData.json in Resources */,
			);
			runOnlyForDeploymentPostprocessing = 0;
		};
		3FA86F482CB486290000FDF8 /* Resources */ = {
			isa = PBXResourcesBuildPhase;
			buildActionMask = 2147483647;
			files = (
			);
			runOnlyForDeploymentPostprocessing = 0;
		};
		3FA86F522CB486290000FDF8 /* Resources */ = {
			isa = PBXResourcesBuildPhase;
			buildActionMask = 2147483647;
			files = (
			);
			runOnlyForDeploymentPostprocessing = 0;
		};
/* End PBXResourcesBuildPhase section */

/* Begin PBXSourcesBuildPhase section */
		3FA86F302CB486280000FDF8 /* Sources */ = {
			isa = PBXSourcesBuildPhase;
			buildActionMask = 2147483647;
			files = (
				3FA86F762CB48AF40000FDF8 /* AppDelegate.swift in Sources */,
				3FAC1E9F2CB84A0E00B2B33F /* ButtonStyle+Extensions.swift in Sources */,
				3FA86F9F2CB583A60000FDF8 /* UIButton+Extensions.swift in Sources */,
				3FA86FCA2CB5BAE10000FDF8 /* FlightsLoadingError.swift in Sources */,
				3FAC1E932CB72FBE00B2B33F /* FlightsManager.swift in Sources */,
				3FA86FCE2CB5BCAB0000FDF8 /* AppConfig.swift in Sources */,
				3FA86F9D2CB574020000FDF8 /* String+Extensions.swift in Sources */,
				3FA86FC12CB5AB2A0000FDF8 /* MockServiceManager.swift in Sources */,
				3FBC7B292CB9FE7700FBCE2B /* SystemImage.swift in Sources */,
				3FAC1E9D2CB847A000B2B33F /* Color+Extensions.swift in Sources */,
				3FAC1E962CB803BB00B2B33F /* FilterableProtocol.swift in Sources */,
				3FA86FC32CB5AB740000FDF8 /* JSONDecoderService.swift in Sources */,
				3FA86FBF2CB5AB1B0000FDF8 /* JSONFile.swift in Sources */,
				3FA86F952CB56FD50000FDF8 /* HomeViewModel.swift in Sources */,
				3FA86F932CB56FA00000FDF8 /* HomeScreen.swift in Sources */,
				3FA86F8F2CB56F7A0000FDF8 /* HomeVC.swift in Sources */,
				3FAC1E9B2CB8475800B2B33F /* View+Extensions.swift in Sources */,
				3FA86F772CB48AF40000FDF8 /* SceneDelegate.swift in Sources */,
				3FA86FC82CB5ACAB0000FDF8 /* FlightServiceProtocol.swift in Sources */,
				3FA86FCC2CB5BC8D0000FDF8 /* DevelopmentStatus.swift in Sources */,
				3FA86F8D2CB56C630000FDF8 /* ViewCode.swift in Sources */,
				3FA86FD12CB5D4E10000FDF8 /* FlightsTableViewDataSource.swift in Sources */,
				3FA86FB52CB5A9400000FDF8 /* FlightsViewModel.swift in Sources */,
				3FA86FB62CB5A9400000FDF8 /* FlightsVC.swift in Sources */,
				3FA86FB72CB5A9400000FDF8 /* FlightTableViewCell.swift in Sources */,
				3FA86FB82CB5A9400000FDF8 /* FlightsScreen.swift in Sources */,
				3FAC1E992CB80AF800B2B33F /* CustomFilter.swift in Sources */,
				3FA86FBB2CB5AA2E0000FDF8 /* Flight.swift in Sources */,
				3FBC7B252CB9C31A00FBCE2B /* CustomAlert.swift in Sources */,
				3FBC7B272CB9C9BC00FBCE2B /* UIViewController+Extensions.swift in Sources */,
			);
			runOnlyForDeploymentPostprocessing = 0;
		};
		3FA86F462CB486290000FDF8 /* Sources */ = {
			isa = PBXSourcesBuildPhase;
			buildActionMask = 2147483647;
			files = (
				3FA86F7B2CB48B0B0000FDF8 /* FlightHubTests.swift in Sources */,
			);
			runOnlyForDeploymentPostprocessing = 0;
		};
		3FA86F502CB486290000FDF8 /* Sources */ = {
			isa = PBXSourcesBuildPhase;
			buildActionMask = 2147483647;
			files = (
				3FA86F7F2CB48B0E0000FDF8 /* FlightHubUITests.swift in Sources */,
				3FA86F802CB48B0E0000FDF8 /* FlightHubUITestsLaunchTests.swift in Sources */,
			);
			runOnlyForDeploymentPostprocessing = 0;
		};
/* End PBXSourcesBuildPhase section */

/* Begin PBXTargetDependency section */
		3FA86F4C2CB486290000FDF8 /* PBXTargetDependency */ = {
			isa = PBXTargetDependency;
			target = 3FA86F332CB486280000FDF8 /* FlightHub */;
			targetProxy = 3FA86F4B2CB486290000FDF8 /* PBXContainerItemProxy */;
		};
		3FA86F562CB486290000FDF8 /* PBXTargetDependency */ = {
			isa = PBXTargetDependency;
			target = 3FA86F332CB486280000FDF8 /* FlightHub */;
			targetProxy = 3FA86F552CB486290000FDF8 /* PBXContainerItemProxy */;
		};
/* End PBXTargetDependency section */

/* Begin PBXVariantGroup section */
		3FA86F982CB5714D0000FDF8 /* Localizable.strings */ = {
			isa = PBXVariantGroup;
			children = (
				3FA86F992CB5714D0000FDF8 /* pt-BR */,
				3FA86F9B2CB571520000FDF8 /* en */,
			);
			name = Localizable.strings;
			sourceTree = "<group>";
		};
/* End PBXVariantGroup section */

/* Begin XCBuildConfiguration section */
		3FA86F5E2CB486290000FDF8 /* Debug */ = {
			isa = XCBuildConfiguration;
			buildSettings = {
				ASSETCATALOG_COMPILER_APPICON_NAME = AppIcon;
				ASSETCATALOG_COMPILER_GLOBAL_ACCENT_COLOR_NAME = AccentColor;
				CODE_SIGN_STYLE = Automatic;
				CURRENT_PROJECT_VERSION = 1;
				DEVELOPMENT_TEAM = 738B22MJV3;
				GENERATE_INFOPLIST_FILE = YES;
				INFOPLIST_FILE = FlightHub/Info.plist;
				INFOPLIST_KEY_UIApplicationSupportsIndirectInputEvents = YES;
				INFOPLIST_KEY_UILaunchStoryboardName = LaunchScreen;
				INFOPLIST_KEY_UISupportedInterfaceOrientations = UIInterfaceOrientationPortrait;
				LD_RUNPATH_SEARCH_PATHS = (
					"$(inherited)",
					"@executable_path/Frameworks",
				);
				MARKETING_VERSION = 1.0;
				PRODUCT_BUNDLE_IDENTIFIER = bruunomooura.FlightHub;
				PRODUCT_NAME = "$(TARGET_NAME)";
				SWIFT_EMIT_LOC_STRINGS = YES;
				SWIFT_VERSION = 5.0;
				TARGETED_DEVICE_FAMILY = "1,2";
			};
			name = Debug;
		};
		3FA86F5F2CB486290000FDF8 /* Release */ = {
			isa = XCBuildConfiguration;
			buildSettings = {
				ASSETCATALOG_COMPILER_APPICON_NAME = AppIcon;
				ASSETCATALOG_COMPILER_GLOBAL_ACCENT_COLOR_NAME = AccentColor;
				CODE_SIGN_STYLE = Automatic;
				CURRENT_PROJECT_VERSION = 1;
				DEVELOPMENT_TEAM = 738B22MJV3;
				GENERATE_INFOPLIST_FILE = YES;
				INFOPLIST_FILE = FlightHub/Info.plist;
				INFOPLIST_KEY_UIApplicationSupportsIndirectInputEvents = YES;
				INFOPLIST_KEY_UILaunchStoryboardName = LaunchScreen;
				INFOPLIST_KEY_UISupportedInterfaceOrientations = UIInterfaceOrientationPortrait;
				LD_RUNPATH_SEARCH_PATHS = (
					"$(inherited)",
					"@executable_path/Frameworks",
				);
				MARKETING_VERSION = 1.0;
				PRODUCT_BUNDLE_IDENTIFIER = bruunomooura.FlightHub;
				PRODUCT_NAME = "$(TARGET_NAME)";
				SWIFT_EMIT_LOC_STRINGS = YES;
				SWIFT_VERSION = 5.0;
				TARGETED_DEVICE_FAMILY = "1,2";
			};
			name = Release;
		};
		3FA86F602CB486290000FDF8 /* Debug */ = {
			isa = XCBuildConfiguration;
			buildSettings = {
				ALWAYS_SEARCH_USER_PATHS = NO;
				ASSETCATALOG_COMPILER_GENERATE_SWIFT_ASSET_SYMBOL_EXTENSIONS = YES;
				CLANG_ANALYZER_NONNULL = YES;
				CLANG_ANALYZER_NUMBER_OBJECT_CONVERSION = YES_AGGRESSIVE;
				CLANG_CXX_LANGUAGE_STANDARD = "gnu++20";
				CLANG_ENABLE_MODULES = YES;
				CLANG_ENABLE_OBJC_ARC = YES;
				CLANG_ENABLE_OBJC_WEAK = YES;
				CLANG_WARN_BLOCK_CAPTURE_AUTORELEASING = YES;
				CLANG_WARN_BOOL_CONVERSION = YES;
				CLANG_WARN_COMMA = YES;
				CLANG_WARN_CONSTANT_CONVERSION = YES;
				CLANG_WARN_DEPRECATED_OBJC_IMPLEMENTATIONS = YES;
				CLANG_WARN_DIRECT_OBJC_ISA_USAGE = YES_ERROR;
				CLANG_WARN_DOCUMENTATION_COMMENTS = YES;
				CLANG_WARN_EMPTY_BODY = YES;
				CLANG_WARN_ENUM_CONVERSION = YES;
				CLANG_WARN_INFINITE_RECURSION = YES;
				CLANG_WARN_INT_CONVERSION = YES;
				CLANG_WARN_NON_LITERAL_NULL_CONVERSION = YES;
				CLANG_WARN_OBJC_IMPLICIT_RETAIN_SELF = YES;
				CLANG_WARN_OBJC_LITERAL_CONVERSION = YES;
				CLANG_WARN_OBJC_ROOT_CLASS = YES_ERROR;
				CLANG_WARN_QUOTED_INCLUDE_IN_FRAMEWORK_HEADER = YES;
				CLANG_WARN_RANGE_LOOP_ANALYSIS = YES;
				CLANG_WARN_STRICT_PROTOTYPES = YES;
				CLANG_WARN_SUSPICIOUS_MOVE = YES;
				CLANG_WARN_UNGUARDED_AVAILABILITY = YES_AGGRESSIVE;
				CLANG_WARN_UNREACHABLE_CODE = YES;
				CLANG_WARN__DUPLICATE_METHOD_MATCH = YES;
				COPY_PHASE_STRIP = NO;
				DEBUG_INFORMATION_FORMAT = dwarf;
				ENABLE_STRICT_OBJC_MSGSEND = YES;
				ENABLE_TESTABILITY = YES;
				ENABLE_USER_SCRIPT_SANDBOXING = YES;
				GCC_C_LANGUAGE_STANDARD = gnu17;
				GCC_DYNAMIC_NO_PIC = NO;
				GCC_NO_COMMON_BLOCKS = YES;
				GCC_OPTIMIZATION_LEVEL = 0;
				GCC_PREPROCESSOR_DEFINITIONS = (
					"DEBUG=1",
					"$(inherited)",
				);
				GCC_WARN_64_TO_32_BIT_CONVERSION = YES;
				GCC_WARN_ABOUT_RETURN_TYPE = YES_ERROR;
				GCC_WARN_UNDECLARED_SELECTOR = YES;
				GCC_WARN_UNINITIALIZED_AUTOS = YES_AGGRESSIVE;
				GCC_WARN_UNUSED_FUNCTION = YES;
				GCC_WARN_UNUSED_VARIABLE = YES;
				IPHONEOS_DEPLOYMENT_TARGET = 18.0;
				LOCALIZATION_PREFERS_STRING_CATALOGS = YES;
				MTL_ENABLE_DEBUG_INFO = INCLUDE_SOURCE;
				MTL_FAST_MATH = YES;
				ONLY_ACTIVE_ARCH = YES;
				SDKROOT = iphoneos;
				SWIFT_ACTIVE_COMPILATION_CONDITIONS = "DEBUG $(inherited)";
				SWIFT_OPTIMIZATION_LEVEL = "-Onone";
			};
			name = Debug;
		};
		3FA86F612CB486290000FDF8 /* Release */ = {
			isa = XCBuildConfiguration;
			buildSettings = {
				ALWAYS_SEARCH_USER_PATHS = NO;
				ASSETCATALOG_COMPILER_GENERATE_SWIFT_ASSET_SYMBOL_EXTENSIONS = YES;
				CLANG_ANALYZER_NONNULL = YES;
				CLANG_ANALYZER_NUMBER_OBJECT_CONVERSION = YES_AGGRESSIVE;
				CLANG_CXX_LANGUAGE_STANDARD = "gnu++20";
				CLANG_ENABLE_MODULES = YES;
				CLANG_ENABLE_OBJC_ARC = YES;
				CLANG_ENABLE_OBJC_WEAK = YES;
				CLANG_WARN_BLOCK_CAPTURE_AUTORELEASING = YES;
				CLANG_WARN_BOOL_CONVERSION = YES;
				CLANG_WARN_COMMA = YES;
				CLANG_WARN_CONSTANT_CONVERSION = YES;
				CLANG_WARN_DEPRECATED_OBJC_IMPLEMENTATIONS = YES;
				CLANG_WARN_DIRECT_OBJC_ISA_USAGE = YES_ERROR;
				CLANG_WARN_DOCUMENTATION_COMMENTS = YES;
				CLANG_WARN_EMPTY_BODY = YES;
				CLANG_WARN_ENUM_CONVERSION = YES;
				CLANG_WARN_INFINITE_RECURSION = YES;
				CLANG_WARN_INT_CONVERSION = YES;
				CLANG_WARN_NON_LITERAL_NULL_CONVERSION = YES;
				CLANG_WARN_OBJC_IMPLICIT_RETAIN_SELF = YES;
				CLANG_WARN_OBJC_LITERAL_CONVERSION = YES;
				CLANG_WARN_OBJC_ROOT_CLASS = YES_ERROR;
				CLANG_WARN_QUOTED_INCLUDE_IN_FRAMEWORK_HEADER = YES;
				CLANG_WARN_RANGE_LOOP_ANALYSIS = YES;
				CLANG_WARN_STRICT_PROTOTYPES = YES;
				CLANG_WARN_SUSPICIOUS_MOVE = YES;
				CLANG_WARN_UNGUARDED_AVAILABILITY = YES_AGGRESSIVE;
				CLANG_WARN_UNREACHABLE_CODE = YES;
				CLANG_WARN__DUPLICATE_METHOD_MATCH = YES;
				COPY_PHASE_STRIP = NO;
				DEBUG_INFORMATION_FORMAT = "dwarf-with-dsym";
				ENABLE_NS_ASSERTIONS = NO;
				ENABLE_STRICT_OBJC_MSGSEND = YES;
				ENABLE_USER_SCRIPT_SANDBOXING = YES;
				GCC_C_LANGUAGE_STANDARD = gnu17;
				GCC_NO_COMMON_BLOCKS = YES;
				GCC_WARN_64_TO_32_BIT_CONVERSION = YES;
				GCC_WARN_ABOUT_RETURN_TYPE = YES_ERROR;
				GCC_WARN_UNDECLARED_SELECTOR = YES;
				GCC_WARN_UNINITIALIZED_AUTOS = YES_AGGRESSIVE;
				GCC_WARN_UNUSED_FUNCTION = YES;
				GCC_WARN_UNUSED_VARIABLE = YES;
				IPHONEOS_DEPLOYMENT_TARGET = 18.0;
				LOCALIZATION_PREFERS_STRING_CATALOGS = YES;
				MTL_ENABLE_DEBUG_INFO = NO;
				MTL_FAST_MATH = YES;
				SDKROOT = iphoneos;
				SWIFT_COMPILATION_MODE = wholemodule;
				VALIDATE_PRODUCT = YES;
			};
			name = Release;
		};
		3FA86F632CB486290000FDF8 /* Debug */ = {
			isa = XCBuildConfiguration;
			buildSettings = {
				BUNDLE_LOADER = "$(TEST_HOST)";
				CODE_SIGN_STYLE = Automatic;
				CURRENT_PROJECT_VERSION = 1;
				DEVELOPMENT_TEAM = 738B22MJV3;
				GENERATE_INFOPLIST_FILE = YES;
				IPHONEOS_DEPLOYMENT_TARGET = 18.0;
				MARKETING_VERSION = 1.0;
				PRODUCT_BUNDLE_IDENTIFIER = bruunomooura.FlightHubTests;
				PRODUCT_NAME = "$(TARGET_NAME)";
				SWIFT_EMIT_LOC_STRINGS = NO;
				SWIFT_VERSION = 5.0;
				TARGETED_DEVICE_FAMILY = "1,2";
				TEST_HOST = "$(BUILT_PRODUCTS_DIR)/FlightHub.app/$(BUNDLE_EXECUTABLE_FOLDER_PATH)/FlightHub";
			};
			name = Debug;
		};
		3FA86F642CB486290000FDF8 /* Release */ = {
			isa = XCBuildConfiguration;
			buildSettings = {
				BUNDLE_LOADER = "$(TEST_HOST)";
				CODE_SIGN_STYLE = Automatic;
				CURRENT_PROJECT_VERSION = 1;
				DEVELOPMENT_TEAM = 738B22MJV3;
				GENERATE_INFOPLIST_FILE = YES;
				IPHONEOS_DEPLOYMENT_TARGET = 18.0;
				MARKETING_VERSION = 1.0;
				PRODUCT_BUNDLE_IDENTIFIER = bruunomooura.FlightHubTests;
				PRODUCT_NAME = "$(TARGET_NAME)";
				SWIFT_EMIT_LOC_STRINGS = NO;
				SWIFT_VERSION = 5.0;
				TARGETED_DEVICE_FAMILY = "1,2";
				TEST_HOST = "$(BUILT_PRODUCTS_DIR)/FlightHub.app/$(BUNDLE_EXECUTABLE_FOLDER_PATH)/FlightHub";
			};
			name = Release;
		};
		3FA86F662CB486290000FDF8 /* Debug */ = {
			isa = XCBuildConfiguration;
			buildSettings = {
				CODE_SIGN_STYLE = Automatic;
				CURRENT_PROJECT_VERSION = 1;
				DEVELOPMENT_TEAM = 738B22MJV3;
				GENERATE_INFOPLIST_FILE = YES;
				MARKETING_VERSION = 1.0;
				PRODUCT_BUNDLE_IDENTIFIER = bruunomooura.FlightHubUITests;
				PRODUCT_NAME = "$(TARGET_NAME)";
				SWIFT_EMIT_LOC_STRINGS = NO;
				SWIFT_VERSION = 5.0;
				TARGETED_DEVICE_FAMILY = "1,2";
				TEST_TARGET_NAME = FlightHub;
			};
			name = Debug;
		};
		3FA86F672CB486290000FDF8 /* Release */ = {
			isa = XCBuildConfiguration;
			buildSettings = {
				CODE_SIGN_STYLE = Automatic;
				CURRENT_PROJECT_VERSION = 1;
				DEVELOPMENT_TEAM = 738B22MJV3;
				GENERATE_INFOPLIST_FILE = YES;
				MARKETING_VERSION = 1.0;
				PRODUCT_BUNDLE_IDENTIFIER = bruunomooura.FlightHubUITests;
				PRODUCT_NAME = "$(TARGET_NAME)";
				SWIFT_EMIT_LOC_STRINGS = NO;
				SWIFT_VERSION = 5.0;
				TARGETED_DEVICE_FAMILY = "1,2";
				TEST_TARGET_NAME = FlightHub;
			};
			name = Release;
		};
/* End XCBuildConfiguration section */

/* Begin XCConfigurationList section */
		3FA86F2F2CB486280000FDF8 /* Build configuration list for PBXProject "FlightHub" */ = {
			isa = XCConfigurationList;
			buildConfigurations = (
				3FA86F602CB486290000FDF8 /* Debug */,
				3FA86F612CB486290000FDF8 /* Release */,
			);
			defaultConfigurationIsVisible = 0;
			defaultConfigurationName = Release;
		};
		3FA86F5D2CB486290000FDF8 /* Build configuration list for PBXNativeTarget "FlightHub" */ = {
			isa = XCConfigurationList;
			buildConfigurations = (
				3FA86F5E2CB486290000FDF8 /* Debug */,
				3FA86F5F2CB486290000FDF8 /* Release */,
			);
			defaultConfigurationIsVisible = 0;
			defaultConfigurationName = Release;
		};
		3FA86F622CB486290000FDF8 /* Build configuration list for PBXNativeTarget "FlightHubTests" */ = {
			isa = XCConfigurationList;
			buildConfigurations = (
				3FA86F632CB486290000FDF8 /* Debug */,
				3FA86F642CB486290000FDF8 /* Release */,
			);
			defaultConfigurationIsVisible = 0;
			defaultConfigurationName = Release;
		};
		3FA86F652CB486290000FDF8 /* Build configuration list for PBXNativeTarget "FlightHubUITests" */ = {
			isa = XCConfigurationList;
			buildConfigurations = (
				3FA86F662CB486290000FDF8 /* Debug */,
				3FA86F672CB486290000FDF8 /* Release */,
			);
			defaultConfigurationIsVisible = 0;
			defaultConfigurationName = Release;
		};
/* End XCConfigurationList section */
	};
	rootObject = 3FA86F2C2CB486280000FDF8 /* Project object */;
}
